
Microsoft Visual Studio Solution File, Format Version 11.00
# Visual Studio 2010
Project("{FAE04EC0-301F-11D3-BF4B-00C04F79EFBC}") = "Mochila-Virtual", "Mochila\Mochila-Virtual.csproj", "{BE7B7B36-FBDE-4798-BE83-83529A0CBA37}"
EndProject
Project("{FAE04EC0-301F-11D3-BF4B-00C04F79EFBC}") = "Voz", "Voz\Voz.csproj", "{DD8A7C23-830C-4F73-8F97-4327AA0F5CCD}"
EndProject
Project("{2150E333-8FDC-42A3-9474-1A3956D46DE8}") = "Solution Items", "Solution Items", "{F69DD11F-C787-41A5-BF95-4699B5E85952}"
EndProject
Global
	GlobalSection(SolutionConfigurationPlatforms) = preSolution
		Debug|Any CPU = Debug|Any CPU
		Debug|Mixed Platforms = Debug|Mixed Platforms
		Debug|x86 = Debug|x86
		Release|Any CPU = Release|Any CPU
		Release|Mixed Platforms = Release|Mixed Platforms
		Release|x86 = Release|x86
	EndGlobalSection
	GlobalSection(ProjectConfigurationPlatforms) = postSolution
		{BE7B7B36-FBDE-4798-BE83-83529A0CBA37}.Debug|Any CPU.ActiveCfg = Debug|x86
		{BE7B7B36-FBDE-4798-BE83-83529A0CBA37}.Debug|Mixed Platforms.ActiveCfg = Debug|x86
		{BE7B7B36-FBDE-4798-BE83-83529A0CBA37}.Debug|Mixed Platforms.Build.0 = Debug|x86
		{BE7B7B36-FBDE-4798-BE83-83529A0CBA37}.Debug|x86.ActiveCfg = Debug|x86
		{BE7B7B36-FBDE-4798-BE83-83529A0CBA37}.Debug|x86.Build.0 = Debug|x86
		{BE7B7B36-FBDE-4798-BE83-83529A0CBA37}.Release|Any CPU.ActiveCfg = Release|x86
		{BE7B7B36-FBDE-4798-BE83-83529A0CBA37}.Release|Mixed Platforms.ActiveCfg = Release|x86
		{BE7B7B36-FBDE-4798-BE83-83529A0CBA37}.Release|Mixed Platforms.Build.0 = Release|x86
		{BE7B7B36-FBDE-4798-BE83-83529A0CBA37}.Release|x86.ActiveCfg = Release|x86
		{BE7B7B36-FBDE-4798-BE83-83529A0CBA37}.Release|x86.Build.0 = Release|x86
		{DD8A7C23-830C-4F73-8F97-4327AA0F5CCD}.Debug|Any CPU.ActiveCfg = Debug|Any CPU
		{DD8A7C23-830C-4F73-8F97-4327AA0F5CCD}.Debug|Any CPU.Build.0 = Debug|Any CPU
		{DD8A7C23-830C-4F73-8F97-4327AA0F5CCD}.Debug|Mixed Platforms.ActiveCfg = Debug|Any CPU
		{DD8A7C23-830C-4F73-8F97-4327AA0F5CCD}.Debug|Mixed Platforms.Build.0 = Debug|Any CPU
		{DD8A7C23-830C-4F73-8F97-4327AA0F5CCD}.Debug|x86.ActiveCfg = Debug|Any CPU
		{DD8A7C23-830C-4F73-8F97-4327AA0F5CCD}.Release|Any CPU.ActiveCfg = Release|Any CPU
		{DD8A7C23-830C-4F73-8F97-4327AA0F5CCD}.Release|Any CPU.Build.0 = Release|Any CPU
		{DD8A7C23-830C-4F73-8F97-4327AA0F5CCD}.Release|Mixed Platforms.ActiveCfg = Release|Any CPU
		{DD8A7C23-830C-4F73-8F97-4327AA0F5CCD}.Release|Mixed Platforms.Build.0 = Release|Any CPU
		{DD8A7C23-830C-4F73-8F97-4327AA0F5CCD}.Release|x86.ActiveCfg = Release|Any CPU
	EndGlobalSection
	GlobalSection(SolutionProperties) = preSolution
		HideSolutionNode = FALSE
	EndGlobalSection
EndGlobal
